
Microsoft Visual Studio Solution File, Format Version 11.00
# Visual Studio 2010
Project("{FAE04EC0-301F-11D3-BF4B-00C04F79EFBC}") = "AgendaContato.Web", "AgendaContato\AgendaContato.Web.csproj", "{0214A4B3-C2A2-4E64-9FA8-30BC1ED2DCF1}"
EndProject
Project("{FAE04EC0-301F-11D3-BF4B-00C04F79EFBC}") = "AgendaContato.Data", "AgendaContato.Data\AgendaContato.Data.csproj", "{6FD41B74-F7D6-4EED-9AFB-14EDA8690C99}"
EndProject
Global
	GlobalSection(SolutionConfigurationPlatforms) = preSolution
		Debug|Any CPU = Debug|Any CPU
		Release|Any CPU = Release|Any CPU
	EndGlobalSection
	GlobalSection(ProjectConfigurationPlatforms) = postSolution
		{0214A4B3-C2A2-4E64-9FA8-30BC1ED2DCF1}.Debug|Any CPU.ActiveCfg = Debug|Any CPU
		{0214A4B3-C2A2-4E64-9FA8-30BC1ED2DCF1}.Debug|Any CPU.Build.0 = Debug|Any CPU
		{0214A4B3-C2A2-4E64-9FA8-30BC1ED2DCF1}.Release|Any CPU.ActiveCfg = Release|Any CPU
		{0214A4B3-C2A2-4E64-9FA8-30BC1ED2DCF1}.Release|Any CPU.Build.0 = Release|Any CPU
		{6FD41B74-F7D6-4EED-9AFB-14EDA8690C99}.Debug|Any CPU.ActiveCfg = Debug|Any CPU
		{6FD41B74-F7D6-4EED-9AFB-14EDA8690C99}.Debug|Any CPU.Build.0 = Debug|Any CPU
		{6FD41B74-F7D6-4EED-9AFB-14EDA8690C99}.Release|Any CPU.ActiveCfg = Release|Any CPU
		{6FD41B74-F7D6-4EED-9AFB-14EDA8690C99}.Release|Any CPU.Build.0 = Release|Any CPU
	EndGlobalSection
	GlobalSection(SolutionProperties) = preSolution
		HideSolutionNode = FALSE
	EndGlobalSection
EndGlobal
